
Microsoft Visual Studio Solution File, Format Version 12.00
# Visual Studio Version 16
VisualStudioVersion = 16.0.30523.141
MinimumVisualStudioVersion = 10.0.40219.1
Project("{9A19103F-16F7-4668-BE54-9A1E7A4F7556}") = "TextMining", "TextMining\TextMining.csproj", "{D1581CB8-60FB-4AE1-96F5-E1EC6CB53330}"
EndProject
Project("{9A19103F-16F7-4668-BE54-9A1E7A4F7556}") = "TextMining.Services", "TextMining.Services\TextMining.Services.csproj", "{6579CE3D-9560-4938-8036-3AA16BBEFAED}"
EndProject
Project("{2150E333-8FDC-42A3-9474-1A3956D46DE8}") = "Tests", "Tests", "{96F69F57-C56F-4473-9B7C-6A6CD297C7E3}"
EndProject
Project("{FAE04EC0-301F-11D3-BF4B-00C04F79EFBC}") = "TextMining.UnitTests", "TextMining.UnitTests\TextMining.UnitTests.csproj", "{34BF3DA5-2D5A-4D48-B279-B8CBB4099D6E}"
EndProject
Project("{FAE04EC0-301F-11D3-BF4B-00C04F79EFBC}") = "TextMining.Tests.Common", "TextMining.Tests.Common\TextMining.Tests.Common.csproj", "{39A86C79-0FCA-477D-B221-DBE9950B614D}"
EndProject
Global
	GlobalSection(SolutionConfigurationPlatforms) = preSolution
		Debug|Any CPU = Debug|Any CPU
		Release|Any CPU = Release|Any CPU
	EndGlobalSection
	GlobalSection(ProjectConfigurationPlatforms) = postSolution
		{D1581CB8-60FB-4AE1-96F5-E1EC6CB53330}.Debug|Any CPU.ActiveCfg = Debug|Any CPU
		{D1581CB8-60FB-4AE1-96F5-E1EC6CB53330}.Debug|Any CPU.Build.0 = Debug|Any CPU
		{D1581CB8-60FB-4AE1-96F5-E1EC6CB53330}.Release|Any CPU.ActiveCfg = Release|Any CPU
		{D1581CB8-60FB-4AE1-96F5-E1EC6CB53330}.Release|Any CPU.Build.0 = Release|Any CPU
		{6579CE3D-9560-4938-8036-3AA16BBEFAED}.Debug|Any CPU.ActiveCfg = Debug|Any CPU
		{6579CE3D-9560-4938-8036-3AA16BBEFAED}.Debug|Any CPU.Build.0 = Debug|Any CPU
		{6579CE3D-9560-4938-8036-3AA16BBEFAED}.Release|Any CPU.ActiveCfg = Release|Any CPU
		{6579CE3D-9560-4938-8036-3AA16BBEFAED}.Release|Any CPU.Build.0 = Release|Any CPU
		{34BF3DA5-2D5A-4D48-B279-B8CBB4099D6E}.Debug|Any CPU.ActiveCfg = Debug|Any CPU
		{34BF3DA5-2D5A-4D48-B279-B8CBB4099D6E}.Debug|Any CPU.Build.0 = Debug|Any CPU
		{34BF3DA5-2D5A-4D48-B279-B8CBB4099D6E}.Release|Any CPU.ActiveCfg = Release|Any CPU
		{34BF3DA5-2D5A-4D48-B279-B8CBB4099D6E}.Release|Any CPU.Build.0 = Release|Any CPU
		{39A86C79-0FCA-477D-B221-DBE9950B614D}.Debug|Any CPU.ActiveCfg = Debug|Any CPU
		{39A86C79-0FCA-477D-B221-DBE9950B614D}.Debug|Any CPU.Build.0 = Debug|Any CPU
		{39A86C79-0FCA-477D-B221-DBE9950B614D}.Release|Any CPU.ActiveCfg = Release|Any CPU
		{39A86C79-0FCA-477D-B221-DBE9950B614D}.Release|Any CPU.Build.0 = Release|Any CPU
	EndGlobalSection
	GlobalSection(SolutionProperties) = preSolution
		HideSolutionNode = FALSE
	EndGlobalSection
	GlobalSection(NestedProjects) = preSolution
		{34BF3DA5-2D5A-4D48-B279-B8CBB4099D6E} = {96F69F57-C56F-4473-9B7C-6A6CD297C7E3}
		{39A86C79-0FCA-477D-B221-DBE9950B614D} = {96F69F57-C56F-4473-9B7C-6A6CD297C7E3}
	EndGlobalSection
	GlobalSection(ExtensibilityGlobals) = postSolution
		SolutionGuid = {8E16B02F-D98D-4453-AB93-0A9B123DE07F}
	EndGlobalSection
EndGlobal
