
Microsoft Visual Studio Solution File, Format Version 12.00
# Visual Studio Version 16
VisualStudioVersion = 16.0.30523.141
MinimumVisualStudioVersion = 10.0.40219.1
Project("{9A19103F-16F7-4668-BE54-9A1E7A4F7556}") = "TextMining", "TextMining\TextMining.csproj", "{D1581CB8-60FB-4AE1-96F5-E1EC6CB53330}"
EndProject
Project("{9A19103F-16F7-4668-BE54-9A1E7A4F7556}") = "TextMining.Services", "TextMining.Services\TextMining.Services.csproj", "{6579CE3D-9560-4938-8036-3AA16BBEFAED}"
EndProject
Project("{2150E333-8FDC-42A3-9474-1A3956D46DE8}") = "Tests", "Tests", "{96F69F57-C56F-4473-9B7C-6A6CD297C7E3}"
EndProject
Project("{9A19103F-16F7-4668-BE54-9A1E7A4F7556}") = "TextMining.Tests.Common", "TextMining.Tests.Common\TextMining.Tests.Common.csproj", "{39A86C79-0FCA-477D-B221-DBE9950B614D}"
EndProject
Project("{9A19103F-16F7-4668-BE54-9A1E7A4F7556}") = "TextMining.BusinessLogic", "TextMining.BusinessLogic\TextMining.BusinessLogic.csproj", "{820BF14C-D3D4-4DBA-B2BE-FB18A32E26DF}"
EndProject
Project("{9A19103F-16F7-4668-BE54-9A1E7A4F7556}") = "TextMining.DI", "TextMining.DI\TextMining.DI.csproj", "{5A62077C-FD5A-4061-88F9-8907D9340221}"
EndProject
Project("{FAE04EC0-301F-11D3-BF4B-00C04F79EFBC}") = "TextMining.Services.UnitTests", "TextMining.Services.UnitTests\TextMining.Services.UnitTests.csproj", "{98A094C3-B0D5-42F3-A916-B66FDB9174E8}"
EndProject
Project("{FAE04EC0-301F-11D3-BF4B-00C04F79EFBC}") = "TextMining.BusinessLogic.UnitTests", "TextMining.BusinessLogic.UnitTests\TextMining.BusinessLogic.UnitTests.csproj", "{1AE53BB4-6846-4AB4-94AB-37A138232F37}"
EndProject
Project("{FAE04EC0-301F-11D3-BF4B-00C04F79EFBC}") = "TextMining.BusinessLogic.IntegrationTests", "TextMining.BusinessLogic.IntegrationTests\TextMining.BusinessLogic.IntegrationTests.csproj", "{D462898B-FC90-46EE-8319-592C72D5F6AC}"
EndProject
Project("{FAE04EC0-301F-11D3-BF4B-00C04F79EFBC}") = "TextMining.GUI", "TextMining.GUI\TextMining.GUI.csproj", "{14A29D56-5AA0-44C2-881A-2A10CA9622CA}"
EndProject
Global
	GlobalSection(SolutionConfigurationPlatforms) = preSolution
		Debug|Any CPU = Debug|Any CPU
		Release|Any CPU = Release|Any CPU
	EndGlobalSection
	GlobalSection(ProjectConfigurationPlatforms) = postSolution
		{D1581CB8-60FB-4AE1-96F5-E1EC6CB53330}.Debug|Any CPU.ActiveCfg = Debug|Any CPU
		{D1581CB8-60FB-4AE1-96F5-E1EC6CB53330}.Debug|Any CPU.Build.0 = Debug|Any CPU
		{D1581CB8-60FB-4AE1-96F5-E1EC6CB53330}.Release|Any CPU.ActiveCfg = Release|Any CPU
		{D1581CB8-60FB-4AE1-96F5-E1EC6CB53330}.Release|Any CPU.Build.0 = Release|Any CPU
		{6579CE3D-9560-4938-8036-3AA16BBEFAED}.Debug|Any CPU.ActiveCfg = Debug|Any CPU
		{6579CE3D-9560-4938-8036-3AA16BBEFAED}.Debug|Any CPU.Build.0 = Debug|Any CPU
		{6579CE3D-9560-4938-8036-3AA16BBEFAED}.Release|Any CPU.ActiveCfg = Release|Any CPU
		{6579CE3D-9560-4938-8036-3AA16BBEFAED}.Release|Any CPU.Build.0 = Release|Any CPU
		{39A86C79-0FCA-477D-B221-DBE9950B614D}.Debug|Any CPU.ActiveCfg = Debug|Any CPU
		{39A86C79-0FCA-477D-B221-DBE9950B614D}.Debug|Any CPU.Build.0 = Debug|Any CPU
		{39A86C79-0FCA-477D-B221-DBE9950B614D}.Release|Any CPU.ActiveCfg = Release|Any CPU
		{39A86C79-0FCA-477D-B221-DBE9950B614D}.Release|Any CPU.Build.0 = Release|Any CPU
		{820BF14C-D3D4-4DBA-B2BE-FB18A32E26DF}.Debug|Any CPU.ActiveCfg = Debug|Any CPU
		{820BF14C-D3D4-4DBA-B2BE-FB18A32E26DF}.Debug|Any CPU.Build.0 = Debug|Any CPU
		{820BF14C-D3D4-4DBA-B2BE-FB18A32E26DF}.Release|Any CPU.ActiveCfg = Release|Any CPU
		{820BF14C-D3D4-4DBA-B2BE-FB18A32E26DF}.Release|Any CPU.Build.0 = Release|Any CPU
		{5A62077C-FD5A-4061-88F9-8907D9340221}.Debug|Any CPU.ActiveCfg = Debug|Any CPU
		{5A62077C-FD5A-4061-88F9-8907D9340221}.Debug|Any CPU.Build.0 = Debug|Any CPU
		{5A62077C-FD5A-4061-88F9-8907D9340221}.Release|Any CPU.ActiveCfg = Release|Any CPU
		{5A62077C-FD5A-4061-88F9-8907D9340221}.Release|Any CPU.Build.0 = Release|Any CPU
		{98A094C3-B0D5-42F3-A916-B66FDB9174E8}.Debug|Any CPU.ActiveCfg = Debug|Any CPU
		{98A094C3-B0D5-42F3-A916-B66FDB9174E8}.Debug|Any CPU.Build.0 = Debug|Any CPU
		{98A094C3-B0D5-42F3-A916-B66FDB9174E8}.Release|Any CPU.ActiveCfg = Release|Any CPU
		{98A094C3-B0D5-42F3-A916-B66FDB9174E8}.Release|Any CPU.Build.0 = Release|Any CPU
		{1AE53BB4-6846-4AB4-94AB-37A138232F37}.Debug|Any CPU.ActiveCfg = Debug|Any CPU
		{1AE53BB4-6846-4AB4-94AB-37A138232F37}.Debug|Any CPU.Build.0 = Debug|Any CPU
		{1AE53BB4-6846-4AB4-94AB-37A138232F37}.Release|Any CPU.ActiveCfg = Release|Any CPU
		{1AE53BB4-6846-4AB4-94AB-37A138232F37}.Release|Any CPU.Build.0 = Release|Any CPU
		{D462898B-FC90-46EE-8319-592C72D5F6AC}.Debug|Any CPU.ActiveCfg = Debug|Any CPU
		{D462898B-FC90-46EE-8319-592C72D5F6AC}.Debug|Any CPU.Build.0 = Debug|Any CPU
		{D462898B-FC90-46EE-8319-592C72D5F6AC}.Release|Any CPU.ActiveCfg = Release|Any CPU
		{D462898B-FC90-46EE-8319-592C72D5F6AC}.Release|Any CPU.Build.0 = Release|Any CPU
		{14A29D56-5AA0-44C2-881A-2A10CA9622CA}.Debug|Any CPU.ActiveCfg = Debug|Any CPU
		{14A29D56-5AA0-44C2-881A-2A10CA9622CA}.Debug|Any CPU.Build.0 = Debug|Any CPU
		{14A29D56-5AA0-44C2-881A-2A10CA9622CA}.Release|Any CPU.ActiveCfg = Release|Any CPU
		{14A29D56-5AA0-44C2-881A-2A10CA9622CA}.Release|Any CPU.Build.0 = Release|Any CPU
	EndGlobalSection
	GlobalSection(SolutionProperties) = preSolution
		HideSolutionNode = FALSE
	EndGlobalSection
	GlobalSection(NestedProjects) = preSolution
		{39A86C79-0FCA-477D-B221-DBE9950B614D} = {96F69F57-C56F-4473-9B7C-6A6CD297C7E3}
		{98A094C3-B0D5-42F3-A916-B66FDB9174E8} = {96F69F57-C56F-4473-9B7C-6A6CD297C7E3}
		{1AE53BB4-6846-4AB4-94AB-37A138232F37} = {96F69F57-C56F-4473-9B7C-6A6CD297C7E3}
		{D462898B-FC90-46EE-8319-592C72D5F6AC} = {96F69F57-C56F-4473-9B7C-6A6CD297C7E3}
	EndGlobalSection
	GlobalSection(ExtensibilityGlobals) = postSolution
		SolutionGuid = {8E16B02F-D98D-4453-AB93-0A9B123DE07F}
	EndGlobalSection
EndGlobal
